// !$*UTF8*$!
{
	archiveVersion = 1;
	classes = {
	};
	objectVersion = 50;
	objects = {

/* Begin PBXBuildFile section */
		26322332240DFB58004F880B /* AppDelegate.swift in Sources */ = {isa = PBXBuildFile; fileRef = 26322331240DFB58004F880B /* AppDelegate.swift */; };
		26322334240DFB58004F880B /* SceneDelegate.swift in Sources */ = {isa = PBXBuildFile; fileRef = 26322333240DFB58004F880B /* SceneDelegate.swift */; };
		26322336240DFB58004F880B /* ViewController.swift in Sources */ = {isa = PBXBuildFile; fileRef = 26322335240DFB58004F880B /* ViewController.swift */; };
		26322339240DFB58004F880B /* Main.storyboard in Resources */ = {isa = PBXBuildFile; fileRef = 26322337240DFB58004F880B /* Main.storyboard */; };
		2632233B240DFB59004F880B /* Assets.xcassets in Resources */ = {isa = PBXBuildFile; fileRef = 2632233A240DFB59004F880B /* Assets.xcassets */; };
		2632233E240DFB59004F880B /* LaunchScreen.storyboard in Resources */ = {isa = PBXBuildFile; fileRef = 2632233C240DFB59004F880B /* LaunchScreen.storyboard */; };
/* End PBXBuildFile section */

/* Begin PBXFileReference section */
		2632232E240DFB58004F880B /* 2020-03-02-SFSUIMAGE-HL.app */ = {isa = PBXFileReference; explicitFileType = wrapper.application; includeInIndex = 0; path = "2020-03-02-SFSUIMAGE-HL.app"; sourceTree = BUILT_PRODUCTS_DIR; };
		26322331240DFB58004F880B /* AppDelegate.swift */ = {isa = PBXFileReference; lastKnownFileType = sourcecode.swift; path = AppDelegate.swift; sourceTree = "<group>"; };
		26322333240DFB58004F880B /* SceneDelegate.swift */ = {isa = PBXFileReference; lastKnownFileType = sourcecode.swift; path = SceneDelegate.swift; sourceTree = "<group>"; };
		26322335240DFB58004F880B /* ViewController.swift */ = {isa = PBXFileReference; lastKnownFileType = sourcecode.swift; path = ViewController.swift; sourceTree = "<group>"; };
		26322338240DFB58004F880B /* Base */ = {isa = PBXFileReference; lastKnownFileType = file.storyboard; name = Base; path = Base.lproj/Main.storyboard; sourceTree = "<group>"; };
		2632233A240DFB59004F880B /* Assets.xcassets */ = {isa = PBXFileReference; lastKnownFileType = folder.assetcatalog; path = Assets.xcassets; sourceTree = "<group>"; };
		2632233D240DFB59004F880B /* Base */ = {isa = PBXFileReference; lastKnownFileType = file.storyboard; name = Base; path = Base.lproj/LaunchScreen.storyboard; sourceTree = "<group>"; };
		2632233F240DFB59004F880B /* Info.plist */ = {isa = PBXFileReference; lastKnownFileType = text.plist.xml; path = Info.plist; sourceTree = "<group>"; };
/* End PBXFileReference section */

/* Begin PBXFrameworksBuildPhase section */
		2632232B240DFB58004F880B /* Frameworks */ = {
			isa = PBXFrameworksBuildPhase;
			buildActionMask = 2147483647;
			files = (
			);
			runOnlyForDeploymentPostprocessing = 0;
		};
/* End PBXFrameworksBuildPhase section */

/* Begin PBXGroup section */
		26322325240DFB58004F880B = {
			isa = PBXGroup;
			children = (
				26322330240DFB58004F880B /* 2020-03-02-SFSUIMAGE-HL */,
				2632232F240DFB58004F880B /* Products */,
			);
			sourceTree = "<group>";
		};
		2632232F240DFB58004F880B /* Products */ = {
			isa = PBXGroup;
			children = (
				2632232E240DFB58004F880B /* 2020-03-02-SFSUIMAGE-HL.app */,
			);
			name = Products;
			sourceTree = "<group>";
		};
		26322330240DFB58004F880B /* 2020-03-02-SFSUIMAGE-HL */ = {
			isa = PBXGroup;
			children = (
				26322331240DFB58004F880B /* AppDelegate.swift */,
				26322333240DFB58004F880B /* SceneDelegate.swift */,
				26322335240DFB58004F880B /* ViewController.swift */,
				26322337240DFB58004F880B /* Main.storyboard */,
				2632233A240DFB59004F880B /* Assets.xcassets */,
				2632233C240DFB59004F880B /* LaunchScreen.storyboard */,
				2632233F240DFB59004F880B /* Info.plist */,
			);
			path = "2020-03-02-SFSUIMAGE-HL";
			sourceTree = "<group>";
		};
/* End PBXGroup section */

/* Begin PBXNativeTarget section */
		2632232D240DFB58004F880B /* 2020-03-02-SFSUIMAGE-HL */ = {
			isa = PBXNativeTarget;
			buildConfigurationList = 26322342240DFB59004F880B /* Build configuration list for PBXNativeTarget "2020-03-02-SFSUIMAGE-HL" */;
			buildPhases = (
				2632232A240DFB58004F880B /* Sources */,
				2632232B240DFB58004F880B /* Frameworks */,
				2632232C240DFB58004F880B /* Resources */,
			);
			buildRules = (
			);
			dependencies = (
			);
			name = "2020-03-02-SFSUIMAGE-HL";
			productName = "2020-03-02-SFSUIMAGE-HL";
			productReference = 2632232E240DFB58004F880B /* 2020-03-02-SFSUIMAGE-HL.app */;
			productType = "com.apple.product-type.application";
		};
/* End PBXNativeTarget section */

/* Begin PBXProject section */
		26322326240DFB58004F880B /* Project object */ = {
			isa = PBXProject;
			attributes = {
				LastSwiftUpdateCheck = 1130;
				LastUpgradeCheck = 1130;
				ORGANIZATIONNAME = "Hua Lu";
				TargetAttributes = {
					2632232D240DFB58004F880B = {
						CreatedOnToolsVersion = 11.3.1;
					};
				};
			};
			buildConfigurationList = 26322329240DFB58004F880B /* Build configuration list for PBXProject "2020-03-02-SFSUIMAGE-HL" */;
			compatibilityVersion = "Xcode 9.3";
			developmentRegion = en;
			hasScannedForEncodings = 0;
			knownRegions = (
				en,
				Base,
			);
			mainGroup = 26322325240DFB58004F880B;
			productRefGroup = 2632232F240DFB58004F880B /* Products */;
			projectDirPath = "";
			projectRoot = "";
			targets = (
				2632232D240DFB58004F880B /* 2020-03-02-SFSUIMAGE-HL */,
			);
		};
/* End PBXProject section */

/* Begin PBXResourcesBuildPhase section */
		2632232C240DFB58004F880B /* Resources */ = {
			isa = PBXResourcesBuildPhase;
			buildActionMask = 2147483647;
			files = (
				2632233E240DFB59004F880B /* LaunchScreen.storyboard in Resources */,
				2632233B240DFB59004F880B /* Assets.xcassets in Resources */,
				26322339240DFB58004F880B /* Main.storyboard in Resources */,
			);
			runOnlyForDeploymentPostprocessing = 0;
		};
/* End PBXResourcesBuildPhase section */

/* Begin PBXSourcesBuildPhase section */
		2632232A240DFB58004F880B /* Sources */ = {
			isa = PBXSourcesBuildPhase;
			buildActionMask = 2147483647;
			files = (
				26322336240DFB58004F880B /* ViewController.swift in Sources */,
				26322332240DFB58004F880B /* AppDelegate.swift in Sources */,
				26322334240DFB58004F880B /* SceneDelegate.swift in Sources */,
			);
			runOnlyForDeploymentPostprocessing = 0;
		};
/* End PBXSourcesBuildPhase section */

/* Begin PBXVariantGroup section */
		26322337240DFB58004F880B /* Main.storyboard */ = {
			isa = PBXVariantGroup;
			children = (
				26322338240DFB58004F880B /* Base */,
			);
			name = Main.storyboard;
			sourceTree = "<group>";
		};
		2632233C240DFB59004F880B /* LaunchScreen.storyboard */ = {
			isa = PBXVariantGroup;
			children = (
				2632233D240DFB59004F880B /* Base */,
			);
			name = LaunchScreen.storyboard;
			sourceTree = "<group>";
		};
/* End PBXVariantGroup section */

/* Begin XCBuildConfiguration section */
		26322340240DFB59004F880B /* Debug */ = {
			isa = XCBuildConfiguration;
			buildSettings = {
				ALWAYS_SEARCH_USER_PATHS = NO;
				CLANG_ANALYZER_NONNULL = YES;
				CLANG_ANALYZER_NUMBER_OBJECT_CONVERSION = YES_AGGRESSIVE;
				CLANG_CXX_LANGUAGE_STANDARD = "gnu++14";
				CLANG_CXX_LIBRARY = "libc++";
				CLANG_ENABLE_MODULES = YES;
				CLANG_ENABLE_OBJC_ARC = YES;
				CLANG_ENABLE_OBJC_WEAK = YES;
				CLANG_WARN_BLOCK_CAPTURE_AUTORELEASING = YES;
				CLANG_WARN_BOOL_CONVERSION = YES;
				CLANG_WARN_COMMA = YES;
				CLANG_WARN_CONSTANT_CONVERSION = YES;
				CLANG_WARN_DEPRECATED_OBJC_IMPLEMENTATIONS = YES;
				CLANG_WARN_DIRECT_OBJC_ISA_USAGE = YES_ERROR;
				CLANG_WARN_DOCUMENTATION_COMMENTS = YES;
				CLANG_WARN_EMPTY_BODY = YES;
				CLANG_WARN_ENUM_CONVERSION = YES;
				CLANG_WARN_INFINITE_RECURSION = YES;
				CLANG_WARN_INT_CONVERSION = YES;
				CLANG_WARN_NON_LITERAL_NULL_CONVERSION = YES;
				CLANG_WARN_OBJC_IMPLICIT_RETAIN_SELF = YES;
				CLANG_WARN_OBJC_LITERAL_CONVERSION = YES;
				CLANG_WARN_OBJC_ROOT_CLASS = YES_ERROR;
				CLANG_WARN_RANGE_LOOP_ANALYSIS = YES;
				CLANG_WARN_STRICT_PROTOTYPES = YES;
				CLANG_WARN_SUSPICIOUS_MOVE = YES;
				CLANG_WARN_UNGUARDED_AVAILABILITY = YES_AGGRESSIVE;
				CLANG_WARN_UNREACHABLE_CODE = YES;
				CLANG_WARN__DUPLICATE_METHOD_MATCH = YES;
				COPY_PHASE_STRIP = NO;
				DEBUG_INFORMATION_FORMAT = dwarf;
				ENABLE_STRICT_OBJC_MSGSEND = YES;
				ENABLE_TESTABILITY = YES;
				GCC_C_LANGUAGE_STANDARD = gnu11;
				GCC_DYNAMIC_NO_PIC = NO;
				GCC_NO_COMMON_BLOCKS = YES;
				GCC_OPTIMIZATION_LEVEL = 0;
				GCC_PREPROCESSOR_DEFINITIONS = (
					"DEBUG=1",
					"$(inherited)",
				);
				GCC_WARN_64_TO_32_BIT_CONVERSION = YES;
				GCC_WARN_ABOUT_RETURN_TYPE = YES_ERROR;
				GCC_WARN_UNDECLARED_SELECTOR = YES;
				GCC_WARN_UNINITIALIZED_AUTOS = YES_AGGRESSIVE;
				GCC_WARN_UNUSED_FUNCTION = YES;
				GCC_WARN_UNUSED_VARIABLE = YES;
				IPHONEOS_DEPLOYMENT_TARGET = 13.2;
				MTL_ENABLE_DEBUG_INFO = INCLUDE_SOURCE;
				MTL_FAST_MATH = YES;
				ONLY_ACTIVE_ARCH = YES;
				SDKROOT = iphoneos;
				SWIFT_ACTIVE_COMPILATION_CONDITIONS = DEBUG;
				SWIFT_OPTIMIZATION_LEVEL = "-Onone";
			};
			name = Debug;
		};
		26322341240DFB59004F880B /* Release */ = {
			isa = XCBuildConfiguration;
			buildSettings = {
				ALWAYS_SEARCH_USER_PATHS = NO;
				CLANG_ANALYZER_NONNULL = YES;
				CLANG_ANALYZER_NUMBER_OBJECT_CONVERSION = YES_AGGRESSIVE;
				CLANG_CXX_LANGUAGE_STANDARD = "gnu++14";
				CLANG_CXX_LIBRARY = "libc++";
				CLANG_ENABLE_MODULES = YES;
				CLANG_ENABLE_OBJC_ARC = YES;
				CLANG_ENABLE_OBJC_WEAK = YES;
				CLANG_WARN_BLOCK_CAPTURE_AUTORELEASING = YES;
				CLANG_WARN_BOOL_CONVERSION = YES;
				CLANG_WARN_COMMA = YES;
				CLANG_WARN_CONSTANT_CONVERSION = YES;
				CLANG_WARN_DEPRECATED_OBJC_IMPLEMENTATIONS = YES;
				CLANG_WARN_DIRECT_OBJC_ISA_USAGE = YES_ERROR;
				CLANG_WARN_DOCUMENTATION_COMMENTS = YES;
				CLANG_WARN_EMPTY_BODY = YES;
				CLANG_WARN_ENUM_CONVERSION = YES;
				CLANG_WARN_INFINITE_RECURSION = YES;
				CLANG_WARN_INT_CONVERSION = YES;
				CLANG_WARN_NON_LITERAL_NULL_CONVERSION = YES;
				CLANG_WARN_OBJC_IMPLICIT_RETAIN_SELF = YES;
				CLANG_WARN_OBJC_LITERAL_CONVERSION = YES;
				CLANG_WARN_OBJC_ROOT_CLASS = YES_ERROR;
				CLANG_WARN_RANGE_LOOP_ANALYSIS = YES;
				CLANG_WARN_STRICT_PROTOTYPES = YES;
				CLANG_WARN_SUSPICIOUS_MOVE = YES;
				CLANG_WARN_UNGUARDED_AVAILABILITY = YES_AGGRESSIVE;
				CLANG_WARN_UNREACHABLE_CODE = YES;
				CLANG_WARN__DUPLICATE_METHOD_MATCH = YES;
				COPY_PHASE_STRIP = NO;
				DEBUG_INFORMATION_FORMAT = "dwarf-with-dsym";
				ENABLE_NS_ASSERTIONS = NO;
				ENABLE_STRICT_OBJC_MSGSEND = YES;
				GCC_C_LANGUAGE_STANDARD = gnu11;
				GCC_NO_COMMON_BLOCKS = YES;
				GCC_WARN_64_TO_32_BIT_CONVERSION = YES;
				GCC_WARN_ABOUT_RETURN_TYPE = YES_ERROR;
				GCC_WARN_UNDECLARED_SELECTOR = YES;
				GCC_WARN_UNINITIALIZED_AUTOS = YES_AGGRESSIVE;
				GCC_WARN_UNUSED_FUNCTION = YES;
				GCC_WARN_UNUSED_VARIABLE = YES;
				IPHONEOS_DEPLOYMENT_TARGET = 13.2;
				MTL_ENABLE_DEBUG_INFO = NO;
				MTL_FAST_MATH = YES;
				SDKROOT = iphoneos;
				SWIFT_COMPILATION_MODE = wholemodule;
				SWIFT_OPTIMIZATION_LEVEL = "-O";
				VALIDATE_PRODUCT = YES;
			};
			name = Release;
		};
		26322343240DFB59004F880B /* Debug */ = {
			isa = XCBuildConfiguration;
			buildSettings = {
				ASSETCATALOG_COMPILER_APPICON_NAME = AppIcon;
				CODE_SIGN_STYLE = Automatic;
				INFOPLIST_FILE = "2020-03-02-SFSUIMAGE-HL/Info.plist";
				LD_RUNPATH_SEARCH_PATHS = (
					"$(inherited)",
					"@executable_path/Frameworks",
				);
				PRODUCT_BUNDLE_IDENTIFIER = "com.hualu.-020-03-02-SFSUIMAGE-HL";
				PRODUCT_NAME = "$(TARGET_NAME)";
				SWIFT_VERSION = 5.0;
				TARGETED_DEVICE_FAMILY = "1,2";
			};
			name = Debug;
		};
		26322344240DFB59004F880B /* Release */ = {
			isa = XCBuildConfiguration;
			buildSettings = {
				ASSETCATALOG_COMPILER_APPICON_NAME = AppIcon;
				CODE_SIGN_STYLE = Automatic;
				INFOPLIST_FILE = "2020-03-02-SFSUIMAGE-HL/Info.plist";
				LD_RUNPATH_SEARCH_PATHS = (
					"$(inherited)",
					"@executable_path/Frameworks",
				);
				PRODUCT_BUNDLE_IDENTIFIER = "com.hualu.-020-03-02-SFSUIMAGE-HL";
				PRODUCT_NAME = "$(TARGET_NAME)";
				SWIFT_VERSION = 5.0;
				TARGETED_DEVICE_FAMILY = "1,2";
			};
			name = Release;
		};
/* End XCBuildConfiguration section */

/* Begin XCConfigurationList section */
		26322329240DFB58004F880B /* Build configuration list for PBXProject "2020-03-02-SFSUIMAGE-HL" */ = {
			isa = XCConfigurationList;
			buildConfigurations = (
				26322340240DFB59004F880B /* Debug */,
				26322341240DFB59004F880B /* Release */,
			);
			defaultConfigurationIsVisible = 0;
			defaultConfigurationName = Release;
		};
		26322342240DFB59004F880B /* Build configuration list for PBXNativeTarget "2020-03-02-SFSUIMAGE-HL" */ = {
			isa = XCConfigurationList;
			buildConfigurations = (
				26322343240DFB59004F880B /* Debug */,
				26322344240DFB59004F880B /* Release */,
			);
			defaultConfigurationIsVisible = 0;
			defaultConfigurationName = Release;
		};
/* End XCConfigurationList section */
	};
	rootObject = 26322326240DFB58004F880B /* Project object */;
}
